# This file is automatically @generated by Cargo.
# It is not intended for manual editing.
version = 3

[[package]]
name = "cc"
version = "1.2.3"
source = "registry+https://github.com/rust-lang/crates.io-index"
checksum = "27f657647bcff5394bf56c7317665bbf790a137a50eaaa5c6bfbb9e27a518f2d"
dependencies = [
 "shlex",
]

[[package]]
name = "multiverse"
version = "0.1.0"
dependencies = [
 "savvy",
]

[[package]]
name = "once_cell"
version = "1.20.2"
source = "registry+https://github.com/rust-lang/crates.io-index"
checksum = "1261fe7e33c73b354eab43b1273a57c8f967d0391e80353e51f764ac02cf6775"

[[package]]
name = "proc-macro2"
version = "1.0.92"
source = "registry+https://github.com/rust-lang/crates.io-index"
checksum = "37d3544b3f2748c54e147655edb5025752e2303145b5aefb3c3ea2c78b973bb0"
dependencies = [
 "unicode-ident",
]

[[package]]
name = "quote"
version = "1.0.37"
source = "registry+https://github.com/rust-lang/crates.io-index"
checksum = "b5b9d34b8991d19d98081b46eacdd8eb58c6f2b201139f7c5f643cc155a633af"
dependencies = [
 "proc-macro2",
]

[[package]]
name = "rustversion"
version = "1.0.18"
source = "registry+https://github.com/rust-lang/crates.io-index"
checksum = "0e819f2bc632f285be6d7cd36e25940d45b2391dd6d9b939e79de557f7014248"

[[package]]
name = "savvy"
version = "0.8.1"
source = "registry+https://github.com/rust-lang/crates.io-index"
checksum = "5cf7cda5d3886a972506ccaf904274b5ac6aed444ae0de9215b72465bc57c074"
dependencies = [
 "cc",
 "once_cell",
 "rustversion",
 "savvy-ffi",
 "savvy-macro",
]

[[package]]
name = "savvy-bindgen"
version = "0.8.1"
source = "registry+https://github.com/rust-lang/crates.io-index"
checksum = "c3883b0a9e706be16be0f24036510a7a181d4a093129bc99d0866d5fd08aced4"
dependencies = [
 "proc-macro2",
 "quote",
 "syn",
]

[[package]]
name = "savvy-ffi"
version = "0.8.1"
source = "registry+https://github.com/rust-lang/crates.io-index"
checksum = "fc41ea3d0dcba6f162e7e7148e1f0dcc9ae6a7b480d24727b2b17f9500e4c2bc"

[[package]]
name = "savvy-macro"
version = "0.8.1"
source = "registry+https://github.com/rust-lang/crates.io-index"
checksum = "16d3cc5da44e90b6bcc2bedd3add03d6652291059935e403ac042361334a749c"
dependencies = [
 "proc-macro2",
 "quote",
 "savvy-bindgen",
 "syn",
]

[[package]]
name = "shlex"
version = "1.3.0"
source = "registry+https://github.com/rust-lang/crates.io-index"
checksum = "0fda2ff0d084019ba4d7c6f371c95d8fd75ce3524c3cb8fb653a3023f6323e64"

[[package]]
name = "syn"
version = "2.0.90"
source = "registry+https://github.com/rust-lang/crates.io-index"
checksum = "919d3b74a5dd0ccd15aeb8f93e7006bd9e14c295087c9896a110f490752bcf31"
dependencies = [
 "proc-macro2",
 "quote",
 "unicode-ident",
]

[[package]]
name = "unicode-ident"
version = "1.0.14"
source = "registry+https://github.com/rust-lang/crates.io-index"
checksum = "adb9e6ca4f869e1180728b7950e35922a7fc6397f7b641499e8f3ef06e50dc83"
